<?xml version="1.0" encoding="utf-8"?>
<Project ToolsVersion="4.0" xmlns="http://schemas.microsoft.com/developer/msbuild/2003">
  <ItemGroup>
    <Filter Include="Source Files">
      <UniqueIdentifier>{4FC737F1-C7A5-4376-A066-2A32D752A2FF}</UniqueIdentifier>
      <Extensions>cpp;c;cc;cxx;def;odl;idl;hpj;bat;asm;asmx</Extensions>
    </Filter>
    <Filter Include="Menu Headers">
      <UniqueIdentifier>{ca7d5017-fc69-4103-a2b5-b32cb4e24bd0}</UniqueIdentifier>
    </Filter>
    <Filter Include="Menu Files">
      <UniqueIdentifier>{91c3dc82-14ea-4f59-a22d-6f28dfb1a4d1}</UniqueIdentifier>
    </Filter>
    <Filter Include="GUI Headers">
      <UniqueIdentifier>{bde1ffa2-6d9a-4850-b245-afcdc89aa374}</UniqueIdentifier>
    </Filter>
    <Filter Include="GUI Files">
      <UniqueIdentifier>{fed9e42a-8125-41ac-8d0a-0aaa1ddf5ec0}</UniqueIdentifier>
    </Filter>
    <Filter Include="Entity Headers">
      <UniqueIdentifier>{00a59b77-0e1e-4816-954e-15e2c80be682}</UniqueIdentifier>
    </Filter>
    <Filter Include="Entity Files">
      <UniqueIdentifier>{1c587de8-f3c4-411c-8c08-de4f0f8410bd}</UniqueIdentifier>
    </Filter>
    <Filter Include="Resource Headers">
      <UniqueIdentifier>{0675591f-95bb-4ce4-899a-072e8016ef4e}</UniqueIdentifier>
    </Filter>
    <Filter Include="Resource Files">
      <UniqueIdentifier>{3497280b-c26f-40d6-b76f-d0b629b8de7a}</UniqueIdentifier>
    </Filter>
    <Filter Include="State Files">
      <UniqueIdentifier>{7fce55c2-00d9-47e5-9cb8-cd4cae5fc618}</UniqueIdentifier>
    </Filter>
    <Filter Include="State Headers">
      <UniqueIdentifier>{0c0a67f0-207a-45a9-a6c2-9cf133bfe9a4}</UniqueIdentifier>
    </Filter>
    <Filter Include="Component Files">
      <UniqueIdentifier>{cee9fdc7-b46e-42c5-86e9-4df1bbf1120e}</UniqueIdentifier>
    </Filter>
    <Filter Include="Component Headers">
      <UniqueIdentifier>{2ab8713d-51c2-4e3e-8e63-ee4dd9f6dc99}</UniqueIdentifier>
    </Filter>
    <Filter Include="Entity Files\Base Classes">
      <UniqueIdentifier>{cfd3b916-46ce-45b1-8b3d-5f37eab14f55}</UniqueIdentifier>
    </Filter>
    <Filter Include="Entity Files\Player">
      <UniqueIdentifier>{18c4e887-d7c1-4d08-86cf-09969b98ecbe}</UniqueIdentifier>
    </Filter>
    <Filter Include="Entity Files\Enemies">
      <UniqueIdentifier>{77e3d820-3888-4cf1-84e3-24f9a0bf8bfb}</UniqueIdentifier>
    </Filter>
    <Filter Include="Entity Headers\Base Classes">
      <UniqueIdentifier>{51c0c37a-b33a-4a3f-8c1d-8b3a8419f27e}</UniqueIdentifier>
    </Filter>
    <Filter Include="Entity Headers\Player Character">
      <UniqueIdentifier>{50f7d2f7-a492-472e-9c2a-8f5ddbf6f10f}</UniqueIdentifier>
    </Filter>
    <Filter Include="Entity Headers\Enemies">
      <UniqueIdentifier>{da3e05a5-9193-4104-aced-1714c7bf6872}</UniqueIdentifier>
    </Filter>
    <Filter Include="Entity Files\Enemies\Level 1">
      <UniqueIdentifier>{66e9de31-b02c-467f-a751-d88ab9421bc4}</UniqueIdentifier>
    </Filter>
    <Filter Include="Entity Files\Enemies\Level 2">
      <UniqueIdentifier>{a49337e3-345c-41af-9156-3d037d444387}</UniqueIdentifier>
    </Filter>
    <Filter Include="Entity Headers\Enemies\Level 1">
      <UniqueIdentifier>{420e8a04-a910-47f7-9edc-c58fd223e84b}</UniqueIdentifier>
    </Filter>
    <Filter Include="Entity Headers\Enemies\Level 2">
      <UniqueIdentifier>{82f146a8-74d9-4f4e-97d5-8daee25bdf16}</UniqueIdentifier>
    </Filter>
    <Filter Include="State Headers\GameState Headers">
      <UniqueIdentifier>{956f6ed6-83f6-496c-8179-b978b2bf1dd1}</UniqueIdentifier>
    </Filter>
    <Filter Include="State Files\GameState Files">
      <UniqueIdentifier>{99e3507d-5f18-4cf9-8451-f50ccc685527}</UniqueIdentifier>
    </Filter>
    <Filter Include="Entity Files\Enemies\Final Level">
      <UniqueIdentifier>{a1da80ec-b12f-467e-b391-486a2d90d68a}</UniqueIdentifier>
    </Filter>
    <Filter Include="Entity Headers\Enemies\Final Level">
      <UniqueIdentifier>{e94f642d-101a-4391-83be-2494726948b4}</UniqueIdentifier>
    </Filter>
  </ItemGroup>
  <ItemGroup>
    <ClCompile Include="main.cpp">
      <Filter>Source Files</Filter>
    </ClCompile>
    <ClCompile Include="Game.cpp">
      <Filter>Source Files</Filter>
    </ClCompile>
    <ClCompile Include="CharacterSelectState.cpp">
      <Filter>Menu Files</Filter>
    </ClCompile>
    <ClCompile Include="gui.cpp">
      <Filter>GUI Files</Filter>
    </ClCompile>
    <ClCompile Include="MainMenuState.cpp">
      <Filter>Menu Files</Filter>
    </ClCompile>
    <ClCompile Include="MovementComponent.cpp">
      <Filter>Component Files</Filter>
    </ClCompile>
    <ClCompile Include="State.cpp">
      <Filter>State Files</Filter>
    </ClCompile>
    <ClCompile Include="stdafx.cpp">
      <Filter>Resource Files</Filter>
    </ClCompile>
    <ClCompile Include="TitleScreenState.cpp">
      <Filter>Menu Files</Filter>
    </ClCompile>
    <ClCompile Include="AnimationComponent.cpp">
      <Filter>Component Files</Filter>
    </ClCompile>
    <ClCompile Include="PauseMenu.cpp">
      <Filter>GUI Files</Filter>
    </ClCompile>
    <ClCompile Include="SettingsMenuState.cpp">
      <Filter>Menu Files</Filter>
    </ClCompile>
    <ClCompile Include="GraphicsSettings.cpp">
      <Filter>Resource Files</Filter>
    </ClCompile>
    <ClCompile Include="CreditScreenState.cpp">
      <Filter>Menu Files</Filter>
    </ClCompile>
    <ClCompile Include="EndGameScreen.cpp">
      <Filter>Menu Files</Filter>
    </ClCompile>
    <ClCompile Include="Entity.cpp">
      <Filter>Entity Files\Base Classes</Filter>
    </ClCompile>
    <ClCompile Include="Enemy.cpp">
      <Filter>Entity Files\Base Classes</Filter>
    </ClCompile>
    <ClCompile Include="PlayerCharacter.cpp">
      <Filter>Entity Files\Base Classes</Filter>
    </ClCompile>
    <ClCompile Include="Knight.cpp">
      <Filter>Entity Files\Player</Filter>
    </ClCompile>
    <ClCompile Include="Mage.cpp">
      <Filter>Entity Files\Player</Filter>
    </ClCompile>
    <ClCompile Include="CharacterAttributes.cpp">
      <Filter>Component Files</Filter>
    </ClCompile>
    <ClCompile Include="CharacterGUI.cpp">
      <Filter>GUI Files</Filter>
    </ClCompile>
    <ClCompile Include="Shade.cpp">
      <Filter>Entity Files\Enemies\Level 1</Filter>
    </ClCompile>
    <ClCompile Include="Slime.cpp">
      <Filter>Entity Files\Enemies\Level 1</Filter>
    </ClCompile>
    <ClCompile Include="StoneGolem.cpp">
      <Filter>Entity Files\Enemies\Level 2</Filter>
    </ClCompile>
    <ClCompile Include="FireGolem.cpp">
      <Filter>Entity Files\Enemies\Level 2</Filter>
    </ClCompile>
    <ClCompile Include="IceGolem.cpp">
      <Filter>Entity Files\Enemies\Level 2</Filter>
    </ClCompile>
    <ClCompile Include="GameState.cpp">
      <Filter>State Files\GameState Files</Filter>
    </ClCompile>
    <ClCompile Include="Minotaur.cpp">
      <Filter>Entity Files\Enemies\Final Level</Filter>
    </ClCompile>
    <ClCompile Include="SlimeLevel.cpp">
      <Filter>State Files\GameState Files</Filter>
    </ClCompile>
    <ClCompile Include="GolemLevel.cpp">
      <Filter>State Files\GameState Files</Filter>
    </ClCompile>
    <ClCompile Include="BossLevel.cpp">
      <Filter>State Files\GameState Files</Filter>
    </ClCompile>
  </ItemGroup>
  <ItemGroup>
    <ClInclude Include="Game.h">
      <Filter>Source Files</Filter>
    </ClInclude>
    <ClInclude Include="CharacterSelectState.h">
      <Filter>Menu Headers</Filter>
    </ClInclude>
    <ClInclude Include="gui.h">
      <Filter>GUI Headers</Filter>
    </ClInclude>
    <ClInclude Include="MainMenuState.h">
      <Filter>Menu Headers</Filter>
    </ClInclude>
    <ClInclude Include="MovementComponent.h">
      <Filter>Component Headers</Filter>
    </ClInclude>
    <ClInclude Include="stdafx.h">
      <Filter>Resource Headers</Filter>
    </ClInclude>
    <ClInclude Include="TitleScreenState.h">
      <Filter>Menu Headers</Filter>
    </ClInclude>
    <ClInclude Include="AnimationComponent.h">
      <Filter>Component Headers</Filter>
    </ClInclude>
    <ClInclude Include="PauseMenu.h">
      <Filter>GUI Headers</Filter>
    </ClInclude>
    <ClInclude Include="State.h">
      <Filter>State Headers</Filter>
    </ClInclude>
    <ClInclude Include="SettingsMenuState.h">
      <Filter>Menu Headers</Filter>
    </ClInclude>
    <ClInclude Include="GraphicsSettings.h">
      <Filter>Resource Headers</Filter>
    </ClInclude>
    <ClInclude Include="CreditScreenState.h">
      <Filter>Menu Headers</Filter>
    </ClInclude>
    <ClInclude Include="EndGameScreen.h">
      <Filter>Menu Headers</Filter>
    </ClInclude>
    <ClInclude Include="CharacterAttributes.h">
      <Filter>Component Headers</Filter>
    </ClInclude>
    <ClInclude Include="Entity.h">
      <Filter>Entity Headers\Base Classes</Filter>
    </ClInclude>
    <ClInclude Include="Enemy.h">
      <Filter>Entity Headers\Base Classes</Filter>
    </ClInclude>
    <ClInclude Include="PlayerCharacter.h">
      <Filter>Entity Headers\Base Classes</Filter>
    </ClInclude>
    <ClInclude Include="Knight.h">
      <Filter>Entity Headers\Player Character</Filter>
    </ClInclude>
    <ClInclude Include="Mage.h">
      <Filter>Entity Headers\Player Character</Filter>
    </ClInclude>
    <ClInclude Include="CharacterGUI.h">
      <Filter>GUI Headers</Filter>
    </ClInclude>
    <ClInclude Include="Slime.h">
      <Filter>Entity Headers\Enemies\Level 1</Filter>
    </ClInclude>
    <ClInclude Include="Shade.h">
      <Filter>Entity Headers\Enemies\Level 1</Filter>
    </ClInclude>
    <ClInclude Include="StoneGolem.h">
      <Filter>Entity Headers\Enemies\Level 2</Filter>
    </ClInclude>
    <ClInclude Include="FireGolem.h">
      <Filter>Entity Headers\Enemies\Level 2</Filter>
    </ClInclude>
    <ClInclude Include="IceGolem.h">
      <Filter>Entity Headers\Enemies\Level 2</Filter>
    </ClInclude>
    <ClInclude Include="GameState.h">
      <Filter>State Headers\GameState Headers</Filter>
    </ClInclude>
    <ClInclude Include="Minotaur.h">
      <Filter>Entity Headers\Enemies\Final Level</Filter>
    </ClInclude>
    <ClInclude Include="SlimeLevel.h">
      <Filter>State Headers\GameState Headers</Filter>
    </ClInclude>
    <ClInclude Include="GolemLevel.h">
      <Filter>State Headers\GameState Headers</Filter>
    </ClInclude>
    <ClInclude Include="BossLevel.h">
      <Filter>State Headers\GameState Headers</Filter>
    </ClInclude>
  </ItemGroup>
</Project>